
Microsoft Visual Studio Solution File, Format Version 12.00
# Visual Studio Version 17
VisualStudioVersion = 17.3.32929.385
MinimumVisualStudioVersion = 10.0.40219.1
Project("{FAE04EC0-301F-11D3-BF4B-00C04F79EFBC}") = "tick-tack-toe.API", "tick-tack-toe.API.csproj", "{7AB5A959-EEDD-467A-AFB2-61452F65EADB}"
EndProject
Global
	GlobalSection(SolutionConfigurationPlatforms) = preSolution
		Debug|Any CPU = Debug|Any CPU
		Release|Any CPU = Release|Any CPU
	EndGlobalSection
	GlobalSection(ProjectConfigurationPlatforms) = postSolution
		{7AB5A959-EEDD-467A-AFB2-61452F65EADB}.Debug|Any CPU.ActiveCfg = Debug|Any CPU
		{7AB5A959-EEDD-467A-AFB2-61452F65EADB}.Debug|Any CPU.Build.0 = Debug|Any CPU
		{7AB5A959-EEDD-467A-AFB2-61452F65EADB}.Release|Any CPU.ActiveCfg = Release|Any CPU
		{7AB5A959-EEDD-467A-AFB2-61452F65EADB}.Release|Any CPU.Build.0 = Release|Any CPU
	EndGlobalSection
	GlobalSection(SolutionProperties) = preSolution
		HideSolutionNode = FALSE
	EndGlobalSection
	GlobalSection(ExtensibilityGlobals) = postSolution
		SolutionGuid = {4D60293C-EF9A-43B6-B346-B682D5F83579}
	EndGlobalSection
EndGlobal
